// !$*UTF8*$!
{
	archiveVersion = 1;
	classes = {
	};
	objectVersion = 46;
	objects = {

/* Begin PBXBuildFile section */
		448730101ACD9BF700E91750 /* long.wav in Resources */ = {isa = PBXBuildFile; fileRef = 4487300E1ACD9BF700E91750 /* long.wav */; };
		448730111ACD9BF700E91750 /* long.wav in Resources */ = {isa = PBXBuildFile; fileRef = 4487300E1ACD9BF700E91750 /* long.wav */; };
		448730121ACD9BF700E91750 /* short.wav in Resources */ = {isa = PBXBuildFile; fileRef = 4487300F1ACD9BF700E91750 /* short.wav */; };
		448730131ACD9BF700E91750 /* short.wav in Resources */ = {isa = PBXBuildFile; fileRef = 4487300F1ACD9BF700E91750 /* short.wav */; };
		448730151ACD9EA900E91750 /* AVFoundation.framework in Frameworks */ = {isa = PBXBuildFile; fileRef = 448730141ACD9EA900E91750 /* AVFoundation.framework */; };
		470C59171A87284100014E14 /* AppDelegate.swift in Sources */ = {isa = PBXBuildFile; fileRef = 470C59161A87284100014E14 /* AppDelegate.swift */; };
		470C591A1A87284100014E14 /* TempoWatch.xcdatamodeld in Sources */ = {isa = PBXBuildFile; fileRef = 470C59181A87284100014E14 /* TempoWatch.xcdatamodeld */; };
		470C591F1A87284100014E14 /* Main.storyboard in Resources */ = {isa = PBXBuildFile; fileRef = 470C591D1A87284100014E14 /* Main.storyboard */; };
		470C59211A87284100014E14 /* Images.xcassets in Resources */ = {isa = PBXBuildFile; fileRef = 470C59201A87284100014E14 /* Images.xcassets */; };
		470C59241A87284100014E14 /* LaunchScreen.xib in Resources */ = {isa = PBXBuildFile; fileRef = 470C59221A87284100014E14 /* LaunchScreen.xib */; };
		470C596A1A87293E00014E14 /* TempoSharedFramework.h in Headers */ = {isa = PBXBuildFile; fileRef = 470C59691A87293E00014E14 /* TempoSharedFramework.h */; settings = {ATTRIBUTES = (Public, ); }; };
		470C59911A872B1300014E14 /* ContainerView.swift in Sources */ = {isa = PBXBuildFile; fileRef = 470C59851A872B1300014E14 /* ContainerView.swift */; };
		470C59921A872B1300014E14 /* HomeView.swift in Sources */ = {isa = PBXBuildFile; fileRef = 470C59861A872B1300014E14 /* HomeView.swift */; };
		470C59931A872B1300014E14 /* HomeViewController.swift in Sources */ = {isa = PBXBuildFile; fileRef = 470C59871A872B1300014E14 /* HomeViewController.swift */; };
		470C59951A872B1300014E14 /* Montserrat-Bold.ttf in Resources */ = {isa = PBXBuildFile; fileRef = 470C59891A872B1300014E14 /* Montserrat-Bold.ttf */; };
		470C59961A872B1300014E14 /* Montserrat-Regular.ttf in Resources */ = {isa = PBXBuildFile; fileRef = 470C598A1A872B1300014E14 /* Montserrat-Regular.ttf */; };
		470C59981A872B1300014E14 /* RestView.swift in Sources */ = {isa = PBXBuildFile; fileRef = 470C598C1A872B1300014E14 /* RestView.swift */; };
		470C59991A872B1300014E14 /* SettingsView.swift in Sources */ = {isa = PBXBuildFile; fileRef = 470C598D1A872B1300014E14 /* SettingsView.swift */; };
		470C599A1A872B1300014E14 /* UIColor+Tempo.swift in Sources */ = {isa = PBXBuildFile; fileRef = 470C598F1A872B1300014E14 /* UIColor+Tempo.swift */; };
		470C599B1A872B1300014E14 /* WorkView.swift in Sources */ = {isa = PBXBuildFile; fileRef = 470C59901A872B1300014E14 /* WorkView.swift */; };
		470C59A01A872C9A00014E14 /* TempoSharedFramework.framework in Frameworks */ = {isa = PBXBuildFile; fileRef = 470C59651A87293E00014E14 /* TempoSharedFramework.framework */; };
		470C59A11A872C9A00014E14 /* TempoSharedFramework.framework in Embed Frameworks */ = {isa = PBXBuildFile; fileRef = 470C59651A87293E00014E14 /* TempoSharedFramework.framework */; settings = {ATTRIBUTES = (CodeSignOnCopy, RemoveHeadersOnCopy, ); }; };
		470C59A81A872CB600014E14 /* MMWormhole.h in Headers */ = {isa = PBXBuildFile; fileRef = 470C59A51A872CB600014E14 /* MMWormhole.h */; settings = {ATTRIBUTES = (Public, ); }; };
		470C59A91A872CB600014E14 /* MMWormhole.m in Sources */ = {isa = PBXBuildFile; fileRef = 470C59A61A872CB600014E14 /* MMWormhole.m */; };
		470C59AC1A872D5200014E14 /* iWatchMsgController.swift in Sources */ = {isa = PBXBuildFile; fileRef = 470C59AB1A872D5200014E14 /* iWatchMsgController.swift */; };
		470C59AF1A872F0100014E14 /* TimerModel.swift in Sources */ = {isa = PBXBuildFile; fileRef = 470C59AE1A872F0100014E14 /* TimerModel.swift */; };
		470C59B21A87302F00014E14 /* BWCircularSlider.swift in Sources */ = {isa = PBXBuildFile; fileRef = 470C59B01A87302F00014E14 /* BWCircularSlider.swift */; };
		470C59B31A87302F00014E14 /* BWCircularSliderView.swift in Sources */ = {isa = PBXBuildFile; fileRef = 470C59B11A87302F00014E14 /* BWCircularSliderView.swift */; };
		470C59B51A8730B700014E14 /* Default-568h@2x.png in Resources */ = {isa = PBXBuildFile; fileRef = 470C59B41A8730B700014E14 /* Default-568h@2x.png */; };
		470C59B81A8733BC00014E14 /* menu-icon.png in Resources */ = {isa = PBXBuildFile; fileRef = 470C59B71A8733BC00014E14 /* menu-icon.png */; };
		470C59BC1A87370F00014E14 /* xbtn.png in Resources */ = {isa = PBXBuildFile; fileRef = 470C59BB1A87370E00014E14 /* xbtn.png */; };
		472E59941AAD2C7A00E09EC8 /* play.png in Resources */ = {isa = PBXBuildFile; fileRef = 472E59921AAD2C7A00E09EC8 /* play.png */; };
		472E59951AAD2C7A00E09EC8 /* play.png in Resources */ = {isa = PBXBuildFile; fileRef = 472E59921AAD2C7A00E09EC8 /* play.png */; };
		472E59961AAD2C7A00E09EC8 /* pause.png in Resources */ = {isa = PBXBuildFile; fileRef = 472E59931AAD2C7A00E09EC8 /* pause.png */; };
		472E59971AAD2C7A00E09EC8 /* pause.png in Resources */ = {isa = PBXBuildFile; fileRef = 472E59931AAD2C7A00E09EC8 /* pause.png */; };
		47344B9C1A87404400A4C3FC /* InterfaceController.swift in Sources */ = {isa = PBXBuildFile; fileRef = 47344B9B1A87404400A4C3FC /* InterfaceController.swift */; };
		47344B9E1A87404400A4C3FC /* NotificationController.swift in Sources */ = {isa = PBXBuildFile; fileRef = 47344B9D1A87404400A4C3FC /* NotificationController.swift */; };
		47344BA01A87404400A4C3FC /* GlanceController.swift in Sources */ = {isa = PBXBuildFile; fileRef = 47344B9F1A87404400A4C3FC /* GlanceController.swift */; };
		47344BA21A87404400A4C3FC /* Images.xcassets in Resources */ = {isa = PBXBuildFile; fileRef = 47344BA11A87404400A4C3FC /* Images.xcassets */; };
		47344BA61A87404400A4C3FC /* TempoWatch WatchKit App.app in Resources */ = {isa = PBXBuildFile; fileRef = 47344BA51A87404400A4C3FC /* TempoWatch WatchKit App.app */; };
		47344BAE1A87404400A4C3FC /* Interface.storyboard in Resources */ = {isa = PBXBuildFile; fileRef = 47344BAC1A87404400A4C3FC /* Interface.storyboard */; };
		47344BB01A87404400A4C3FC /* Images.xcassets in Resources */ = {isa = PBXBuildFile; fileRef = 47344BAF1A87404400A4C3FC /* Images.xcassets */; };
		47344BB31A87404400A4C3FC /* TempoWatch WatchKit Extension.appex in Embed App Extensions */ = {isa = PBXBuildFile; fileRef = 47344B961A87404400A4C3FC /* TempoWatch WatchKit Extension.appex */; settings = {ATTRIBUTES = (RemoveHeadersOnCopy, ); }; };
		47344BBC1A8741C000A4C3FC /* PausedController.swift in Sources */ = {isa = PBXBuildFile; fileRef = 47344BBA1A8741C000A4C3FC /* PausedController.swift */; };
		47344BBD1A8741C000A4C3FC /* RunningController.swift in Sources */ = {isa = PBXBuildFile; fileRef = 47344BBB1A8741C000A4C3FC /* RunningController.swift */; };
		47344BF11A87456100A4C3FC /* BWCircularSlider.swift in Sources */ = {isa = PBXBuildFile; fileRef = 470C59B01A87302F00014E14 /* BWCircularSlider.swift */; };
		47344BF21A87456100A4C3FC /* UIColor+Tempo.swift in Sources */ = {isa = PBXBuildFile; fileRef = 470C598F1A872B1300014E14 /* UIColor+Tempo.swift */; };
		47344BF31A87456100A4C3FC /* ContainerView.swift in Sources */ = {isa = PBXBuildFile; fileRef = 470C59851A872B1300014E14 /* ContainerView.swift */; };
		47344BF41A87456100A4C3FC /* AppDelegate.swift in Sources */ = {isa = PBXBuildFile; fileRef = 470C59161A87284100014E14 /* AppDelegate.swift */; };
		47344BF51A87456100A4C3FC /* BWCircularSliderView.swift in Sources */ = {isa = PBXBuildFile; fileRef = 470C59B11A87302F00014E14 /* BWCircularSliderView.swift */; };
		47344BF61A87456100A4C3FC /* HomeView.swift in Sources */ = {isa = PBXBuildFile; fileRef = 470C59861A872B1300014E14 /* HomeView.swift */; };
		47344BF71A87456100A4C3FC /* TempoWatch.xcdatamodeld in Sources */ = {isa = PBXBuildFile; fileRef = 470C59181A87284100014E14 /* TempoWatch.xcdatamodeld */; };
		47344BF81A87456100A4C3FC /* SettingsView.swift in Sources */ = {isa = PBXBuildFile; fileRef = 470C598D1A872B1300014E14 /* SettingsView.swift */; };
		47344BF91A87456100A4C3FC /* WorkView.swift in Sources */ = {isa = PBXBuildFile; fileRef = 470C59901A872B1300014E14 /* WorkView.swift */; };
		47344BFA1A87456100A4C3FC /* HomeViewController.swift in Sources */ = {isa = PBXBuildFile; fileRef = 470C59871A872B1300014E14 /* HomeViewController.swift */; };
		47344BFB1A87456100A4C3FC /* RestView.swift in Sources */ = {isa = PBXBuildFile; fileRef = 470C598C1A872B1300014E14 /* RestView.swift */; };
		47344BFD1A87456100A4C3FC /* TempoSharedFramework.framework in Frameworks */ = {isa = PBXBuildFile; fileRef = 470C59651A87293E00014E14 /* TempoSharedFramework.framework */; };
		47344C031A87456100A4C3FC /* menu-icon.png in Resources */ = {isa = PBXBuildFile; fileRef = 470C59B71A8733BC00014E14 /* menu-icon.png */; };
		47344C041A87456100A4C3FC /* Images.xcassets in Resources */ = {isa = PBXBuildFile; fileRef = 470C59201A87284100014E14 /* Images.xcassets */; };
		47344C051A87456100A4C3FC /* Default-568h@2x.png in Resources */ = {isa = PBXBuildFile; fileRef = 470C59B41A8730B700014E14 /* Default-568h@2x.png */; };
		47344C061A87456100A4C3FC /* xbtn.png in Resources */ = {isa = PBXBuildFile; fileRef = 470C59BB1A87370E00014E14 /* xbtn.png */; };
		47344C081A87456100A4C3FC /* TempoWatch WatchKit Extension.appex in Embed App Extensions */ = {isa = PBXBuildFile; fileRef = 47344B961A87404400A4C3FC /* TempoWatch WatchKit Extension.appex */; settings = {ATTRIBUTES = (RemoveHeadersOnCopy, ); }; };
		47344C0A1A87456100A4C3FC /* TempoSharedFramework.framework in Embed Frameworks */ = {isa = PBXBuildFile; fileRef = 470C59651A87293E00014E14 /* TempoSharedFramework.framework */; settings = {ATTRIBUTES = (CodeSignOnCopy, RemoveHeadersOnCopy, ); }; };
		47344C101A87490900A4C3FC /* Montserrat-Bold.ttf in Resources */ = {isa = PBXBuildFile; fileRef = 470C59891A872B1300014E14 /* Montserrat-Bold.ttf */; };
		47344C111A87490900A4C3FC /* Montserrat-Regular.ttf in Resources */ = {isa = PBXBuildFile; fileRef = 470C598A1A872B1300014E14 /* Montserrat-Regular.ttf */; };
		47344C121A87491400A4C3FC /* Main.storyboard in Resources */ = {isa = PBXBuildFile; fileRef = 47344BD11A87451800A4C3FC /* Main.storyboard */; };
		476302BE1AAC271D00EF4B1D /* Reveal.framework in Frameworks */ = {isa = PBXBuildFile; fileRef = 476302BD1AAC271D00EF4B1D /* Reveal.framework */; };
		476302BF1AAC271D00EF4B1D /* Reveal.framework in Frameworks */ = {isa = PBXBuildFile; fileRef = 476302BD1AAC271D00EF4B1D /* Reveal.framework */; };
		4C824372399A94A1ECC179BB /* libPods-TempoWatch7.0.a in Frameworks */ = {isa = PBXBuildFile; fileRef = 0BADAA7A48B3614B89E26280 /* libPods-TempoWatch7.0.a */; };
		63030C4A1ACF56DA0053D47E /* PausedController.swift in Sources */ = {isa = PBXBuildFile; fileRef = 47344BBA1A8741C000A4C3FC /* PausedController.swift */; };
		63030C4B1ACF56DD0053D47E /* RunningController.swift in Sources */ = {isa = PBXBuildFile; fileRef = 47344BBB1A8741C000A4C3FC /* RunningController.swift */; };
		63030C4C1ACF56DE0053D47E /* RunningController.swift in Sources */ = {isa = PBXBuildFile; fileRef = 47344BBB1A8741C000A4C3FC /* RunningController.swift */; };
		63030C4D1ACF577A0053D47E /* TimerModel.swift in Sources */ = {isa = PBXBuildFile; fileRef = 470C59AE1A872F0100014E14 /* TimerModel.swift */; };
		63030C4E1ACF577B0053D47E /* TimerModel.swift in Sources */ = {isa = PBXBuildFile; fileRef = 470C59AE1A872F0100014E14 /* TimerModel.swift */; };
		63030C4F1ACF57B20053D47E /* iWatchMsgController.swift in Sources */ = {isa = PBXBuildFile; fileRef = 470C59AB1A872D5200014E14 /* iWatchMsgController.swift */; };
		63030C501ACF57B20053D47E /* iWatchMsgController.swift in Sources */ = {isa = PBXBuildFile; fileRef = 470C59AB1A872D5200014E14 /* iWatchMsgController.swift */; };
		63030C511ACF57ED0053D47E /* MMWormhole.m in Sources */ = {isa = PBXBuildFile; fileRef = 470C59A61A872CB600014E14 /* MMWormhole.m */; };
		63030C521ACF57ED0053D47E /* MMWormhole.m in Sources */ = {isa = PBXBuildFile; fileRef = 470C59A61A872CB600014E14 /* MMWormhole.m */; };
		63030C531ACF57FF0053D47E /* TempoWatch-Bridging-Header.h in Headers */ = {isa = PBXBuildFile; fileRef = 470C598E1A872B1300014E14 /* TempoWatch-Bridging-Header.h */; };
		63C10A711AAAADBA00AE4902 /* PausedController.swift in Sources */ = {isa = PBXBuildFile; fileRef = 47344BBA1A8741C000A4C3FC /* PausedController.swift */; };
		63E311941AD1F906004A1857 /* GAI.h in Headers */ = {isa = PBXBuildFile; fileRef = 63E3118A1AD1F906004A1857 /* GAI.h */; };
		63E311951AD1F906004A1857 /* GAIDictionaryBuilder.h in Headers */ = {isa = PBXBuildFile; fileRef = 63E3118B1AD1F906004A1857 /* GAIDictionaryBuilder.h */; };
		63E311961AD1F906004A1857 /* GAIEcommerceFields.h in Headers */ = {isa = PBXBuildFile; fileRef = 63E3118C1AD1F906004A1857 /* GAIEcommerceFields.h */; };
		63E311971AD1F906004A1857 /* GAIEcommerceProduct.h in Headers */ = {isa = PBXBuildFile; fileRef = 63E3118D1AD1F906004A1857 /* GAIEcommerceProduct.h */; };
		63E311981AD1F906004A1857 /* GAIEcommerceProductAction.h in Headers */ = {isa = PBXBuildFile; fileRef = 63E3118E1AD1F906004A1857 /* GAIEcommerceProductAction.h */; };
		63E311991AD1F906004A1857 /* GAIEcommercePromotion.h in Headers */ = {isa = PBXBuildFile; fileRef = 63E3118F1AD1F906004A1857 /* GAIEcommercePromotion.h */; };
		63E3119A1AD1F906004A1857 /* GAIFields.h in Headers */ = {isa = PBXBuildFile; fileRef = 63E311901AD1F906004A1857 /* GAIFields.h */; };
		63E3119B1AD1F906004A1857 /* GAILogger.h in Headers */ = {isa = PBXBuildFile; fileRef = 63E311911AD1F906004A1857 /* GAILogger.h */; };
		63E3119C1AD1F906004A1857 /* GAITrackedViewController.h in Headers */ = {isa = PBXBuildFile; fileRef = 63E311921AD1F906004A1857 /* GAITrackedViewController.h */; };
		63E3119D1AD1F906004A1857 /* GAITracker.h in Headers */ = {isa = PBXBuildFile; fileRef = 63E311931AD1F906004A1857 /* GAITracker.h */; };
		63E3119F1AD1F9E1004A1857 /* CoreData.framework in Frameworks */ = {isa = PBXBuildFile; fileRef = 63E3119E1AD1F9E1004A1857 /* CoreData.framework */; };
		63E311A11AD1F9EB004A1857 /* SystemConfiguration.framework in Frameworks */ = {isa = PBXBuildFile; fileRef = 63E311A01AD1F9EB004A1857 /* SystemConfiguration.framework */; };
		63E311A31AD1F9F5004A1857 /* libz.dylib in Frameworks */ = {isa = PBXBuildFile; fileRef = 63E311A21AD1F9F4004A1857 /* libz.dylib */; };
		63E311A51AD1F9FF004A1857 /* libsqlite3.dylib in Frameworks */ = {isa = PBXBuildFile; fileRef = 63E311A41AD1F9FF004A1857 /* libsqlite3.dylib */; };
		63E311A71AD1FA38004A1857 /* libGoogleAnalyticsServices.a in Frameworks */ = {isa = PBXBuildFile; fileRef = 63E311A61AD1FA38004A1857 /* libGoogleAnalyticsServices.a */; };
		63E311AD1AD1FE94004A1857 /* GoogleAnalytics.swift in Sources */ = {isa = PBXBuildFile; fileRef = 63E311A81AD1FB7D004A1857 /* GoogleAnalytics.swift */; };
		63E311AE1AD1FE96004A1857 /* GoogleAnalytics.swift in Sources */ = {isa = PBXBuildFile; fileRef = 63E311A81AD1FB7D004A1857 /* GoogleAnalytics.swift */; };
		9354B2159A69D185FFF42326 /* libPods-TempoWatch.a in Frameworks */ = {isa = PBXBuildFile; fileRef = D17BF284D9A4E3BC4603A781 /* libPods-TempoWatch.a */; };
/* End PBXBuildFile section */

/* Begin PBXContainerItemProxy section */
		470C59A21A872C9A00014E14 /* PBXContainerItemProxy */ = {
			isa = PBXContainerItemProxy;
			containerPortal = 470C59091A87284100014E14 /* Project object */;
			proxyType = 1;
			remoteGlobalIDString = 470C59641A87293E00014E14;
			remoteInfo = TempoSharedFramework;
		};
		47344BA71A87404400A4C3FC /* PBXContainerItemProxy */ = {
			isa = PBXContainerItemProxy;
			containerPortal = 470C59091A87284100014E14 /* Project object */;
			proxyType = 1;
			remoteGlobalIDString = 47344BA41A87404400A4C3FC;
			remoteInfo = "TempoWatch WatchKit App";
		};
		47344BB11A87404400A4C3FC /* PBXContainerItemProxy */ = {
			isa = PBXContainerItemProxy;
			containerPortal = 470C59091A87284100014E14 /* Project object */;
			proxyType = 1;
			remoteGlobalIDString = 47344B951A87404400A4C3FC;
			remoteInfo = "TempoWatch WatchKit Extension";
		};
		47344BED1A87456100A4C3FC /* PBXContainerItemProxy */ = {
			isa = PBXContainerItemProxy;
			containerPortal = 470C59091A87284100014E14 /* Project object */;
			proxyType = 1;
			remoteGlobalIDString = 470C59641A87293E00014E14;
			remoteInfo = TempoSharedFramework;
		};
		47344BEF1A87456100A4C3FC /* PBXContainerItemProxy */ = {
			isa = PBXContainerItemProxy;
			containerPortal = 470C59091A87284100014E14 /* Project object */;
			proxyType = 1;
			remoteGlobalIDString = 47344B951A87404400A4C3FC;
			remoteInfo = "TempoWatch WatchKit Extension";
		};
/* End PBXContainerItemProxy section */

/* Begin PBXCopyFilesBuildPhase section */
		470C595F1A87291600014E14 /* Embed App Extensions */ = {
			isa = PBXCopyFilesBuildPhase;
			buildActionMask = 2147483647;
			dstPath = "";
			dstSubfolderSpec = 13;
			files = (
				47344BB31A87404400A4C3FC /* TempoWatch WatchKit Extension.appex in Embed App Extensions */,
			);
			name = "Embed App Extensions";
			runOnlyForDeploymentPostprocessing = 0;
		};
		470C59A41A872C9A00014E14 /* Embed Frameworks */ = {
			isa = PBXCopyFilesBuildPhase;
			buildActionMask = 2147483647;
			dstPath = "";
			dstSubfolderSpec = 10;
			files = (
				470C59A11A872C9A00014E14 /* TempoSharedFramework.framework in Embed Frameworks */,
			);
			name = "Embed Frameworks";
			runOnlyForDeploymentPostprocessing = 0;
		};
		47344C071A87456100A4C3FC /* Embed App Extensions */ = {
			isa = PBXCopyFilesBuildPhase;
			buildActionMask = 2147483647;
			dstPath = "";
			dstSubfolderSpec = 13;
			files = (
				47344C081A87456100A4C3FC /* TempoWatch WatchKit Extension.appex in Embed App Extensions */,
			);
			name = "Embed App Extensions";
			runOnlyForDeploymentPostprocessing = 0;
		};
		47344C091A87456100A4C3FC /* Embed Frameworks */ = {
			isa = PBXCopyFilesBuildPhase;
			buildActionMask = 2147483647;
			dstPath = "";
			dstSubfolderSpec = 10;
			files = (
				47344C0A1A87456100A4C3FC /* TempoSharedFramework.framework in Embed Frameworks */,
			);
			name = "Embed Frameworks";
			runOnlyForDeploymentPostprocessing = 0;
		};
/* End PBXCopyFilesBuildPhase section */

/* Begin PBXFileReference section */
		09170D669BB39E07175A3E6E /* Pods-TempoWatch7.0.release.xcconfig */ = {isa = PBXFileReference; includeInIndex = 1; lastKnownFileType = text.xcconfig; name = "Pods-TempoWatch7.0.release.xcconfig"; path = "Pods/Target Support Files/Pods-TempoWatch7.0/Pods-TempoWatch7.0.release.xcconfig"; sourceTree = "<group>"; };
		0BADAA7A48B3614B89E26280 /* libPods-TempoWatch7.0.a */ = {isa = PBXFileReference; explicitFileType = archive.ar; includeInIndex = 0; path = "libPods-TempoWatch7.0.a"; sourceTree = BUILT_PRODUCTS_DIR; };
		0C03E8392F355399D3789746 /* Pods-TempoWatch.release.xcconfig */ = {isa = PBXFileReference; includeInIndex = 1; lastKnownFileType = text.xcconfig; name = "Pods-TempoWatch.release.xcconfig"; path = "Pods/Target Support Files/Pods-TempoWatch/Pods-TempoWatch.release.xcconfig"; sourceTree = "<group>"; };
		12E4FD4AC075311250652F52 /* Pods-TempoSharedFramework.release.xcconfig */ = {isa = PBXFileReference; includeInIndex = 1; lastKnownFileType = text.xcconfig; name = "Pods-TempoSharedFramework.release.xcconfig"; path = "Pods/Target Support Files/Pods-TempoSharedFramework/Pods-TempoSharedFramework.release.xcconfig"; sourceTree = "<group>"; };
		3A41B57CE8324A5DF9F6050B /* Pods-TempoWatch.debug.xcconfig */ = {isa = PBXFileReference; includeInIndex = 1; lastKnownFileType = text.xcconfig; name = "Pods-TempoWatch.debug.xcconfig"; path = "Pods/Target Support Files/Pods-TempoWatch/Pods-TempoWatch.debug.xcconfig"; sourceTree = "<group>"; };
		4487300E1ACD9BF700E91750 /* long.wav */ = {isa = PBXFileReference; lastKnownFileType = audio.wav; path = long.wav; sourceTree = "<group>"; };
		4487300F1ACD9BF700E91750 /* short.wav */ = {isa = PBXFileReference; lastKnownFileType = audio.wav; path = short.wav; sourceTree = "<group>"; };
		448730141ACD9EA900E91750 /* AVFoundation.framework */ = {isa = PBXFileReference; lastKnownFileType = wrapper.framework; name = AVFoundation.framework; path = System/Library/Frameworks/AVFoundation.framework; sourceTree = SDKROOT; };
		470C59111A87284100014E14 /* TempoWatch.app */ = {isa = PBXFileReference; explicitFileType = wrapper.application; includeInIndex = 0; path = TempoWatch.app; sourceTree = BUILT_PRODUCTS_DIR; };
		470C59151A87284100014E14 /* Info.plist */ = {isa = PBXFileReference; lastKnownFileType = text.plist.xml; path = Info.plist; sourceTree = "<group>"; };
		470C59161A87284100014E14 /* AppDelegate.swift */ = {isa = PBXFileReference; lastKnownFileType = sourcecode.swift; path = AppDelegate.swift; sourceTree = "<group>"; };
		470C59191A87284100014E14 /* TempoWatch.xcdatamodel */ = {isa = PBXFileReference; lastKnownFileType = wrapper.xcdatamodel; path = TempoWatch.xcdatamodel; sourceTree = "<group>"; };
		470C591E1A87284100014E14 /* Base */ = {isa = PBXFileReference; lastKnownFileType = file.storyboard; name = Base; path = Base.lproj/Main.storyboard; sourceTree = "<group>"; };
		470C59201A87284100014E14 /* Images.xcassets */ = {isa = PBXFileReference; lastKnownFileType = folder.assetcatalog; path = Images.xcassets; sourceTree = "<group>"; };
		470C59231A87284100014E14 /* Base */ = {isa = PBXFileReference; lastKnownFileType = file.xib; name = Base; path = Base.lproj/LaunchScreen.xib; sourceTree = "<group>"; };
		470C59651A87293E00014E14 /* TempoSharedFramework.framework */ = {isa = PBXFileReference; explicitFileType = wrapper.framework; includeInIndex = 0; path = TempoSharedFramework.framework; sourceTree = BUILT_PRODUCTS_DIR; };
		470C59681A87293E00014E14 /* Info.plist */ = {isa = PBXFileReference; lastKnownFileType = text.plist.xml; path = Info.plist; sourceTree = "<group>"; };
		470C59691A87293E00014E14 /* TempoSharedFramework.h */ = {isa = PBXFileReference; lastKnownFileType = sourcecode.c.h; path = TempoSharedFramework.h; sourceTree = "<group>"; };
		470C59851A872B1300014E14 /* ContainerView.swift */ = {isa = PBXFileReference; fileEncoding = 4; lastKnownFileType = sourcecode.swift; path = ContainerView.swift; sourceTree = "<group>"; };
		470C59861A872B1300014E14 /* HomeView.swift */ = {isa = PBXFileReference; fileEncoding = 4; lastKnownFileType = sourcecode.swift; path = HomeView.swift; sourceTree = "<group>"; };
		470C59871A872B1300014E14 /* HomeViewController.swift */ = {isa = PBXFileReference; fileEncoding = 4; lastKnownFileType = sourcecode.swift; path = HomeViewController.swift; sourceTree = "<group>"; };
		470C59891A872B1300014E14 /* Montserrat-Bold.ttf */ = {isa = PBXFileReference; lastKnownFileType = file; path = "Montserrat-Bold.ttf"; sourceTree = "<group>"; };
		470C598A1A872B1300014E14 /* Montserrat-Regular.ttf */ = {isa = PBXFileReference; lastKnownFileType = file; path = "Montserrat-Regular.ttf"; sourceTree = "<group>"; };
		470C598C1A872B1300014E14 /* RestView.swift */ = {isa = PBXFileReference; fileEncoding = 4; lastKnownFileType = sourcecode.swift; path = RestView.swift; sourceTree = "<group>"; };
		470C598D1A872B1300014E14 /* SettingsView.swift */ = {isa = PBXFileReference; fileEncoding = 4; lastKnownFileType = sourcecode.swift; path = SettingsView.swift; sourceTree = "<group>"; };
		470C598E1A872B1300014E14 /* TempoWatch-Bridging-Header.h */ = {isa = PBXFileReference; fileEncoding = 4; lastKnownFileType = sourcecode.c.h; path = "TempoWatch-Bridging-Header.h"; sourceTree = "<group>"; };
		470C598F1A872B1300014E14 /* UIColor+Tempo.swift */ = {isa = PBXFileReference; fileEncoding = 4; lastKnownFileType = sourcecode.swift; name = "UIColor+Tempo.swift"; path = "../TempoWatch/UIColor+Tempo.swift"; sourceTree = "<group>"; };
		470C59901A872B1300014E14 /* WorkView.swift */ = {isa = PBXFileReference; fileEncoding = 4; lastKnownFileType = sourcecode.swift; path = WorkView.swift; sourceTree = "<group>"; };
		470C59A51A872CB600014E14 /* MMWormhole.h */ = {isa = PBXFileReference; fileEncoding = 4; lastKnownFileType = sourcecode.c.h; path = MMWormhole.h; sourceTree = "<group>"; };
		470C59A61A872CB600014E14 /* MMWormhole.m */ = {isa = PBXFileReference; fileEncoding = 4; lastKnownFileType = sourcecode.c.objc; path = MMWormhole.m; sourceTree = "<group>"; };
		470C59AB1A872D5200014E14 /* iWatchMsgController.swift */ = {isa = PBXFileReference; fileEncoding = 4; lastKnownFileType = sourcecode.swift; path = iWatchMsgController.swift; sourceTree = "<group>"; };
		470C59AE1A872F0100014E14 /* TimerModel.swift */ = {isa = PBXFileReference; fileEncoding = 4; lastKnownFileType = sourcecode.swift; path = TimerModel.swift; sourceTree = "<group>"; };
		470C59B01A87302F00014E14 /* BWCircularSlider.swift */ = {isa = PBXFileReference; fileEncoding = 4; lastKnownFileType = sourcecode.swift; path = BWCircularSlider.swift; sourceTree = "<group>"; };
		470C59B11A87302F00014E14 /* BWCircularSliderView.swift */ = {isa = PBXFileReference; fileEncoding = 4; lastKnownFileType = sourcecode.swift; path = BWCircularSliderView.swift; sourceTree = "<group>"; };
		470C59B41A8730B700014E14 /* Default-568h@2x.png */ = {isa = PBXFileReference; lastKnownFileType = image.png; path = "Default-568h@2x.png"; sourceTree = "<group>"; };
		470C59B71A8733BC00014E14 /* menu-icon.png */ = {isa = PBXFileReference; lastKnownFileType = image.png; path = "menu-icon.png"; sourceTree = "<group>"; };
		470C59BB1A87370E00014E14 /* xbtn.png */ = {isa = PBXFileReference; lastKnownFileType = image.png; name = xbtn.png; path = ../xbtn.png; sourceTree = "<group>"; };
		472E59921AAD2C7A00E09EC8 /* play.png */ = {isa = PBXFileReference; lastKnownFileType = image.png; path = play.png; sourceTree = "<group>"; };
		472E59931AAD2C7A00E09EC8 /* pause.png */ = {isa = PBXFileReference; lastKnownFileType = image.png; path = pause.png; sourceTree = "<group>"; };
		47344B961A87404400A4C3FC /* TempoWatch WatchKit Extension.appex */ = {isa = PBXFileReference; explicitFileType = "wrapper.app-extension"; includeInIndex = 0; path = "TempoWatch WatchKit Extension.appex"; sourceTree = BUILT_PRODUCTS_DIR; };
		47344B991A87404400A4C3FC /* Info.plist */ = {isa = PBXFileReference; lastKnownFileType = text.plist.xml; path = Info.plist; sourceTree = "<group>"; };
		47344B9A1A87404400A4C3FC /* PushNotificationPayload.apns */ = {isa = PBXFileReference; lastKnownFileType = text; path = PushNotificationPayload.apns; sourceTree = "<group>"; };
		47344B9B1A87404400A4C3FC /* InterfaceController.swift */ = {isa = PBXFileReference; lastKnownFileType = sourcecode.swift; path = InterfaceController.swift; sourceTree = "<group>"; };
		47344B9D1A87404400A4C3FC /* NotificationController.swift */ = {isa = PBXFileReference; lastKnownFileType = sourcecode.swift; path = NotificationController.swift; sourceTree = "<group>"; };
		47344B9F1A87404400A4C3FC /* GlanceController.swift */ = {isa = PBXFileReference; lastKnownFileType = sourcecode.swift; path = GlanceController.swift; sourceTree = "<group>"; };
		47344BA11A87404400A4C3FC /* Images.xcassets */ = {isa = PBXFileReference; lastKnownFileType = folder.assetcatalog; path = Images.xcassets; sourceTree = "<group>"; };
		47344BA51A87404400A4C3FC /* TempoWatch WatchKit App.app */ = {isa = PBXFileReference; explicitFileType = wrapper.application; includeInIndex = 0; path = "TempoWatch WatchKit App.app"; sourceTree = BUILT_PRODUCTS_DIR; };
		47344BAB1A87404400A4C3FC /* Info.plist */ = {isa = PBXFileReference; lastKnownFileType = text.plist.xml; path = Info.plist; sourceTree = "<group>"; };
		47344BAD1A87404400A4C3FC /* Base */ = {isa = PBXFileReference; lastKnownFileType = file.storyboard; name = Base; path = Base.lproj/Interface.storyboard; sourceTree = "<group>"; };
		47344BAF1A87404400A4C3FC /* Images.xcassets */ = {isa = PBXFileReference; lastKnownFileType = folder.assetcatalog; path = Images.xcassets; sourceTree = "<group>"; };
		47344BBA1A8741C000A4C3FC /* PausedController.swift */ = {isa = PBXFileReference; fileEncoding = 4; lastKnownFileType = sourcecode.swift; path = PausedController.swift; sourceTree = "<group>"; };
		47344BBB1A8741C000A4C3FC /* RunningController.swift */ = {isa = PBXFileReference; fileEncoding = 4; lastKnownFileType = sourcecode.swift; path = RunningController.swift; sourceTree = "<group>"; };
		47344BC01A8743AD00A4C3FC /* TempoWatch.entitlements */ = {isa = PBXFileReference; lastKnownFileType = text.xml; path = TempoWatch.entitlements; sourceTree = "<group>"; };
		47344BC11A87442400A4C3FC /* TempoWatch WatchKit Extension.entitlements */ = {isa = PBXFileReference; lastKnownFileType = text.xml; path = "TempoWatch WatchKit Extension.entitlements"; sourceTree = "<group>"; };
		47344BC91A87451800A4C3FC /* Info.plist */ = {isa = PBXFileReference; lastKnownFileType = text.plist.xml; path = Info.plist; sourceTree = "<group>"; };
		47344BCA1A87451800A4C3FC /* AppDelegate.swift */ = {isa = PBXFileReference; lastKnownFileType = sourcecode.swift; path = AppDelegate.swift; sourceTree = "<group>"; };
		47344BCD1A87451800A4C3FC /* TempoWatch7_0.xcdatamodel */ = {isa = PBXFileReference; lastKnownFileType = wrapper.xcdatamodel; path = TempoWatch7_0.xcdatamodel; sourceTree = "<group>"; };
		47344BCF1A87451800A4C3FC /* ViewController.swift */ = {isa = PBXFileReference; lastKnownFileType = sourcecode.swift; path = ViewController.swift; sourceTree = "<group>"; };
		47344BD21A87451800A4C3FC /* Base */ = {isa = PBXFileReference; lastKnownFileType = file.storyboard; name = Base; path = Base.lproj/Main.storyboard; sourceTree = "<group>"; };
		47344BD41A87451800A4C3FC /* Images.xcassets */ = {isa = PBXFileReference; lastKnownFileType = folder.assetcatalog; path = Images.xcassets; sourceTree = "<group>"; };
		47344BD71A87451800A4C3FC /* Base */ = {isa = PBXFileReference; lastKnownFileType = file.xib; name = Base; path = Base.lproj/LaunchScreen.xib; sourceTree = "<group>"; };
		47344C0E1A87456100A4C3FC /* TempoWatch.app */ = {isa = PBXFileReference; explicitFileType = wrapper.application; includeInIndex = 0; path = TempoWatch.app; sourceTree = BUILT_PRODUCTS_DIR; };
		476302BD1AAC271D00EF4B1D /* Reveal.framework */ = {isa = PBXFileReference; lastKnownFileType = wrapper.framework; path = Reveal.framework; sourceTree = "<group>"; };
		549DA9726E3A4AE877AF463F /* Pods-TempoSharedFramework.debug.xcconfig */ = {isa = PBXFileReference; includeInIndex = 1; lastKnownFileType = text.xcconfig; name = "Pods-TempoSharedFramework.debug.xcconfig"; path = "Pods/Target Support Files/Pods-TempoSharedFramework/Pods-TempoSharedFramework.debug.xcconfig"; sourceTree = "<group>"; };
		5ECB36CDF3509AE4AE7CEB7F /* libPods-TempoSharedFramework.a */ = {isa = PBXFileReference; explicitFileType = archive.ar; includeInIndex = 0; path = "libPods-TempoSharedFramework.a"; sourceTree = BUILT_PRODUCTS_DIR; };
		63E3118A1AD1F906004A1857 /* GAI.h */ = {isa = PBXFileReference; fileEncoding = 4; lastKnownFileType = sourcecode.c.h; path = GAI.h; sourceTree = "<group>"; };
		63E3118B1AD1F906004A1857 /* GAIDictionaryBuilder.h */ = {isa = PBXFileReference; fileEncoding = 4; lastKnownFileType = sourcecode.c.h; path = GAIDictionaryBuilder.h; sourceTree = "<group>"; };
		63E3118C1AD1F906004A1857 /* GAIEcommerceFields.h */ = {isa = PBXFileReference; fileEncoding = 4; lastKnownFileType = sourcecode.c.h; path = GAIEcommerceFields.h; sourceTree = "<group>"; };
		63E3118D1AD1F906004A1857 /* GAIEcommerceProduct.h */ = {isa = PBXFileReference; fileEncoding = 4; lastKnownFileType = sourcecode.c.h; path = GAIEcommerceProduct.h; sourceTree = "<group>"; };
		63E3118E1AD1F906004A1857 /* GAIEcommerceProductAction.h */ = {isa = PBXFileReference; fileEncoding = 4; lastKnownFileType = sourcecode.c.h; path = GAIEcommerceProductAction.h; sourceTree = "<group>"; };
		63E3118F1AD1F906004A1857 /* GAIEcommercePromotion.h */ = {isa = PBXFileReference; fileEncoding = 4; lastKnownFileType = sourcecode.c.h; path = GAIEcommercePromotion.h; sourceTree = "<group>"; };
		63E311901AD1F906004A1857 /* GAIFields.h */ = {isa = PBXFileReference; fileEncoding = 4; lastKnownFileType = sourcecode.c.h; path = GAIFields.h; sourceTree = "<group>"; };
		63E311911AD1F906004A1857 /* GAILogger.h */ = {isa = PBXFileReference; fileEncoding = 4; lastKnownFileType = sourcecode.c.h; path = GAILogger.h; sourceTree = "<group>"; };
		63E311921AD1F906004A1857 /* GAITrackedViewController.h */ = {isa = PBXFileReference; fileEncoding = 4; lastKnownFileType = sourcecode.c.h; path = GAITrackedViewController.h; sourceTree = "<group>"; };
		63E311931AD1F906004A1857 /* GAITracker.h */ = {isa = PBXFileReference; fileEncoding = 4; lastKnownFileType = sourcecode.c.h; path = GAITracker.h; sourceTree = "<group>"; };
		63E3119E1AD1F9E1004A1857 /* CoreData.framework */ = {isa = PBXFileReference; lastKnownFileType = wrapper.framework; name = CoreData.framework; path = System/Library/Frameworks/CoreData.framework; sourceTree = SDKROOT; };
		63E311A01AD1F9EB004A1857 /* SystemConfiguration.framework */ = {isa = PBXFileReference; lastKnownFileType = wrapper.framework; name = SystemConfiguration.framework; path = System/Library/Frameworks/SystemConfiguration.framework; sourceTree = SDKROOT; };
		63E311A21AD1F9F4004A1857 /* libz.dylib */ = {isa = PBXFileReference; lastKnownFileType = "compiled.mach-o.dylib"; name = libz.dylib; path = usr/lib/libz.dylib; sourceTree = SDKROOT; };
		63E311A41AD1F9FF004A1857 /* libsqlite3.dylib */ = {isa = PBXFileReference; lastKnownFileType = "compiled.mach-o.dylib"; name = libsqlite3.dylib; path = usr/lib/libsqlite3.dylib; sourceTree = SDKROOT; };
		63E311A61AD1FA38004A1857 /* libGoogleAnalyticsServices.a */ = {isa = PBXFileReference; lastKnownFileType = archive.ar; path = libGoogleAnalyticsServices.a; sourceTree = "<group>"; };
		63E311A81AD1FB7D004A1857 /* GoogleAnalytics.swift */ = {isa = PBXFileReference; fileEncoding = 4; lastKnownFileType = sourcecode.swift; path = GoogleAnalytics.swift; sourceTree = "<group>"; };
		B064E802812EA47B57B54A40 /* Pods-TempoWatch7.0.debug.xcconfig */ = {isa = PBXFileReference; includeInIndex = 1; lastKnownFileType = text.xcconfig; name = "Pods-TempoWatch7.0.debug.xcconfig"; path = "Pods/Target Support Files/Pods-TempoWatch7.0/Pods-TempoWatch7.0.debug.xcconfig"; sourceTree = "<group>"; };
		D17BF284D9A4E3BC4603A781 /* libPods-TempoWatch.a */ = {isa = PBXFileReference; explicitFileType = archive.ar; includeInIndex = 0; path = "libPods-TempoWatch.a"; sourceTree = BUILT_PRODUCTS_DIR; };
/* End PBXFileReference section */

/* Begin PBXFrameworksBuildPhase section */
		470C590E1A87284100014E14 /* Frameworks */ = {
			isa = PBXFrameworksBuildPhase;
			buildActionMask = 2147483647;
			files = (
				63E311A71AD1FA38004A1857 /* libGoogleAnalyticsServices.a in Frameworks */,
				63E311A51AD1F9FF004A1857 /* libsqlite3.dylib in Frameworks */,
				63E311A31AD1F9F5004A1857 /* libz.dylib in Frameworks */,
				63E311A11AD1F9EB004A1857 /* SystemConfiguration.framework in Frameworks */,
				63E3119F1AD1F9E1004A1857 /* CoreData.framework in Frameworks */,
				448730151ACD9EA900E91750 /* AVFoundation.framework in Frameworks */,
				470C59A01A872C9A00014E14 /* TempoSharedFramework.framework in Frameworks */,
				476302BE1AAC271D00EF4B1D /* Reveal.framework in Frameworks */,
				9354B2159A69D185FFF42326 /* libPods-TempoWatch.a in Frameworks */,
			);
			runOnlyForDeploymentPostprocessing = 0;
		};
		470C59611A87293E00014E14 /* Frameworks */ = {
			isa = PBXFrameworksBuildPhase;
			buildActionMask = 2147483647;
			files = (
			);
			runOnlyForDeploymentPostprocessing = 0;
		};
		47344B931A87404400A4C3FC /* Frameworks */ = {
			isa = PBXFrameworksBuildPhase;
			buildActionMask = 2147483647;
			files = (
			);
			runOnlyForDeploymentPostprocessing = 0;
		};
		47344BFC1A87456100A4C3FC /* Frameworks */ = {
			isa = PBXFrameworksBuildPhase;
			buildActionMask = 2147483647;
			files = (
				47344BFD1A87456100A4C3FC /* TempoSharedFramework.framework in Frameworks */,
				476302BF1AAC271D00EF4B1D /* Reveal.framework in Frameworks */,
				4C824372399A94A1ECC179BB /* libPods-TempoWatch7.0.a in Frameworks */,
			);
			runOnlyForDeploymentPostprocessing = 0;
		};
/* End PBXFrameworksBuildPhase section */

/* Begin PBXGroup section */
		4487300D1ACD9BD500E91750 /* Sounds */ = {
			isa = PBXGroup;
			children = (
				4487300E1ACD9BF700E91750 /* long.wav */,
				4487300F1ACD9BF700E91750 /* short.wav */,
			);
			name = Sounds;
			sourceTree = "<group>";
		};
		470C59081A87284100014E14 = {
			isa = PBXGroup;
			children = (
				63E311A61AD1FA38004A1857 /* libGoogleAnalyticsServices.a */,
				63E311A41AD1F9FF004A1857 /* libsqlite3.dylib */,
				63E311A21AD1F9F4004A1857 /* libz.dylib */,
				63E311A01AD1F9EB004A1857 /* SystemConfiguration.framework */,
				63E3119E1AD1F9E1004A1857 /* CoreData.framework */,
				448730141ACD9EA900E91750 /* AVFoundation.framework */,
				470C59B41A8730B700014E14 /* Default-568h@2x.png */,
				470C59131A87284100014E14 /* TempoWatch */,
				470C59661A87293E00014E14 /* TempoSharedFramework */,
				47344B971A87404400A4C3FC /* TempoWatch WatchKit Extension */,
				47344BA91A87404400A4C3FC /* TempoWatch WatchKit App */,
				47344BC71A87451700A4C3FC /* TempoWatch7.0 */,
				470C59121A87284100014E14 /* Products */,
				63CAE6BEBA455BC3DBE91E38 /* Pods */,
				C1E17A6E3B1CA40910F11BFC /* Frameworks */,
			);
			sourceTree = "<group>";
		};
		470C59121A87284100014E14 /* Products */ = {
			isa = PBXGroup;
			children = (
				470C59111A87284100014E14 /* TempoWatch.app */,
				470C59651A87293E00014E14 /* TempoSharedFramework.framework */,
				47344B961A87404400A4C3FC /* TempoWatch WatchKit Extension.appex */,
				47344BA51A87404400A4C3FC /* TempoWatch WatchKit App.app */,
				47344C0E1A87456100A4C3FC /* TempoWatch.app */,
			);
			name = Products;
			sourceTree = "<group>";
		};
		470C59131A87284100014E14 /* TempoWatch */ = {
			isa = PBXGroup;
			children = (
				63E311891AD1F8F7004A1857 /* Google Analytics */,
				476302BD1AAC271D00EF4B1D /* Reveal.framework */,
				47344BC01A8743AD00A4C3FC /* TempoWatch.entitlements */,
				470C59B01A87302F00014E14 /* BWCircularSlider.swift */,
				470C59B11A87302F00014E14 /* BWCircularSliderView.swift */,
				470C599F1A872BAE00014E14 /* Assets */,
				470C599E1A872B9F00014E14 /* Extensions */,
				470C599C1A872B5E00014E14 /* HomeViewController */,
				470C598E1A872B1300014E14 /* TempoWatch-Bridging-Header.h */,
				470C59161A87284100014E14 /* AppDelegate.swift */,
				63E311A81AD1FB7D004A1857 /* GoogleAnalytics.swift */,
				470C591D1A87284100014E14 /* Main.storyboard */,
				470C59201A87284100014E14 /* Images.xcassets */,
				470C59221A87284100014E14 /* LaunchScreen.xib */,
				470C59181A87284100014E14 /* TempoWatch.xcdatamodeld */,
				470C59141A87284100014E14 /* Supporting Files */,
			);
			path = TempoWatch;
			sourceTree = "<group>";
		};
		470C59141A87284100014E14 /* Supporting Files */ = {
			isa = PBXGroup;
			children = (
				470C59151A87284100014E14 /* Info.plist */,
			);
			name = "Supporting Files";
			sourceTree = "<group>";
		};
		470C59661A87293E00014E14 /* TempoSharedFramework */ = {
			isa = PBXGroup;
			children = (
				470C598F1A872B1300014E14 /* UIColor+Tempo.swift */,
				470C59AE1A872F0100014E14 /* TimerModel.swift */,
				470C59AB1A872D5200014E14 /* iWatchMsgController.swift */,
				470C59A51A872CB600014E14 /* MMWormhole.h */,
				470C59A61A872CB600014E14 /* MMWormhole.m */,
				470C59691A87293E00014E14 /* TempoSharedFramework.h */,
				470C59671A87293E00014E14 /* Supporting Files */,
			);
			path = TempoSharedFramework;
			sourceTree = "<group>";
		};
		470C59671A87293E00014E14 /* Supporting Files */ = {
			isa = PBXGroup;
			children = (
				470C59681A87293E00014E14 /* Info.plist */,
			);
			name = "Supporting Files";
			sourceTree = "<group>";
		};
		470C599C1A872B5E00014E14 /* HomeViewController */ = {
			isa = PBXGroup;
			children = (
				470C59871A872B1300014E14 /* HomeViewController.swift */,
				470C599D1A872B8800014E14 /* Views */,
			);
			name = HomeViewController;
			sourceTree = "<group>";
		};
		470C599D1A872B8800014E14 /* Views */ = {
			isa = PBXGroup;
			children = (
				470C598C1A872B1300014E14 /* RestView.swift */,
				470C59851A872B1300014E14 /* ContainerView.swift */,
				470C59861A872B1300014E14 /* HomeView.swift */,
				470C598D1A872B1300014E14 /* SettingsView.swift */,
				470C59901A872B1300014E14 /* WorkView.swift */,
			);
			name = Views;
			sourceTree = "<group>";
		};
		470C599E1A872B9F00014E14 /* Extensions */ = {
			isa = PBXGroup;
			children = (
			);
			name = Extensions;
			sourceTree = "<group>";
		};
		470C599F1A872BAE00014E14 /* Assets */ = {
			isa = PBXGroup;
			children = (
				4487300D1ACD9BD500E91750 /* Sounds */,
				470C59B61A8733BC00014E14 /* Images */,
				470C59891A872B1300014E14 /* Montserrat-Bold.ttf */,
				470C598A1A872B1300014E14 /* Montserrat-Regular.ttf */,
			);
			name = Assets;
			sourceTree = "<group>";
		};
		470C59B61A8733BC00014E14 /* Images */ = {
			isa = PBXGroup;
			children = (
				472E59921AAD2C7A00E09EC8 /* play.png */,
				472E59931AAD2C7A00E09EC8 /* pause.png */,
				470C59BB1A87370E00014E14 /* xbtn.png */,
				470C59B71A8733BC00014E14 /* menu-icon.png */,
			);
			path = Images;
			sourceTree = "<group>";
		};
		47344B971A87404400A4C3FC /* TempoWatch WatchKit Extension */ = {
			isa = PBXGroup;
			children = (
				47344BC11A87442400A4C3FC /* TempoWatch WatchKit Extension.entitlements */,
				47344BBA1A8741C000A4C3FC /* PausedController.swift */,
				47344BBB1A8741C000A4C3FC /* RunningController.swift */,
				47344B9B1A87404400A4C3FC /* InterfaceController.swift */,
				47344B9D1A87404400A4C3FC /* NotificationController.swift */,
				47344B9F1A87404400A4C3FC /* GlanceController.swift */,
				47344BA11A87404400A4C3FC /* Images.xcassets */,
				47344B981A87404400A4C3FC /* Supporting Files */,
			);
			path = "TempoWatch WatchKit Extension";
			sourceTree = "<group>";
		};
		47344B981A87404400A4C3FC /* Supporting Files */ = {
			isa = PBXGroup;
			children = (
				47344B991A87404400A4C3FC /* Info.plist */,
				47344B9A1A87404400A4C3FC /* PushNotificationPayload.apns */,
			);
			name = "Supporting Files";
			sourceTree = "<group>";
		};
		47344BA91A87404400A4C3FC /* TempoWatch WatchKit App */ = {
			isa = PBXGroup;
			children = (
				47344BAC1A87404400A4C3FC /* Interface.storyboard */,
				47344BAF1A87404400A4C3FC /* Images.xcassets */,
				47344BAA1A87404400A4C3FC /* Supporting Files */,
			);
			path = "TempoWatch WatchKit App";
			sourceTree = "<group>";
		};
		47344BAA1A87404400A4C3FC /* Supporting Files */ = {
			isa = PBXGroup;
			children = (
				47344BAB1A87404400A4C3FC /* Info.plist */,
			);
			name = "Supporting Files";
			sourceTree = "<group>";
		};
		47344BC71A87451700A4C3FC /* TempoWatch7.0 */ = {
			isa = PBXGroup;
			children = (
				47344BCA1A87451800A4C3FC /* AppDelegate.swift */,
				47344BCF1A87451800A4C3FC /* ViewController.swift */,
				47344BD11A87451800A4C3FC /* Main.storyboard */,
				47344BD41A87451800A4C3FC /* Images.xcassets */,
				47344BD61A87451800A4C3FC /* LaunchScreen.xib */,
				47344BCC1A87451800A4C3FC /* TempoWatch7_0.xcdatamodeld */,
				47344BC81A87451800A4C3FC /* Supporting Files */,
			);
			path = TempoWatch7.0;
			sourceTree = "<group>";
		};
		47344BC81A87451800A4C3FC /* Supporting Files */ = {
			isa = PBXGroup;
			children = (
				47344BC91A87451800A4C3FC /* Info.plist */,
			);
			name = "Supporting Files";
			sourceTree = "<group>";
		};
		63CAE6BEBA455BC3DBE91E38 /* Pods */ = {
			isa = PBXGroup;
			children = (
				549DA9726E3A4AE877AF463F /* Pods-TempoSharedFramework.debug.xcconfig */,
				12E4FD4AC075311250652F52 /* Pods-TempoSharedFramework.release.xcconfig */,
				B064E802812EA47B57B54A40 /* Pods-TempoWatch7.0.debug.xcconfig */,
				09170D669BB39E07175A3E6E /* Pods-TempoWatch7.0.release.xcconfig */,
				3A41B57CE8324A5DF9F6050B /* Pods-TempoWatch.debug.xcconfig */,
				0C03E8392F355399D3789746 /* Pods-TempoWatch.release.xcconfig */,
			);
			name = Pods;
			sourceTree = "<group>";
		};
		63E311891AD1F8F7004A1857 /* Google Analytics */ = {
			isa = PBXGroup;
			children = (
				63E3118A1AD1F906004A1857 /* GAI.h */,
				63E3118B1AD1F906004A1857 /* GAIDictionaryBuilder.h */,
				63E3118C1AD1F906004A1857 /* GAIEcommerceFields.h */,
				63E3118D1AD1F906004A1857 /* GAIEcommerceProduct.h */,
				63E3118E1AD1F906004A1857 /* GAIEcommerceProductAction.h */,
				63E3118F1AD1F906004A1857 /* GAIEcommercePromotion.h */,
				63E311901AD1F906004A1857 /* GAIFields.h */,
				63E311911AD1F906004A1857 /* GAILogger.h */,
				63E311921AD1F906004A1857 /* GAITrackedViewController.h */,
				63E311931AD1F906004A1857 /* GAITracker.h */,
			);
			name = "Google Analytics";
			sourceTree = "<group>";
		};
		C1E17A6E3B1CA40910F11BFC /* Frameworks */ = {
			isa = PBXGroup;
			children = (
				5ECB36CDF3509AE4AE7CEB7F /* libPods-TempoSharedFramework.a */,
				0BADAA7A48B3614B89E26280 /* libPods-TempoWatch7.0.a */,
				D17BF284D9A4E3BC4603A781 /* libPods-TempoWatch.a */,
			);
			name = Frameworks;
			sourceTree = "<group>";
		};
/* End PBXGroup section */

/* Begin PBXHeadersBuildPhase section */
		470C59621A87293E00014E14 /* Headers */ = {
			isa = PBXHeadersBuildPhase;
			buildActionMask = 2147483647;
			files = (
				63E311941AD1F906004A1857 /* GAI.h in Headers */,
				63E311991AD1F906004A1857 /* GAIEcommercePromotion.h in Headers */,
				63E3119C1AD1F906004A1857 /* GAITrackedViewController.h in Headers */,
				63E311981AD1F906004A1857 /* GAIEcommerceProductAction.h in Headers */,
				63E3119B1AD1F906004A1857 /* GAILogger.h in Headers */,
				63E3119A1AD1F906004A1857 /* GAIFields.h in Headers */,
				63030C531ACF57FF0053D47E /* TempoWatch-Bridging-Header.h in Headers */,
				470C596A1A87293E00014E14 /* TempoSharedFramework.h in Headers */,
				63E311951AD1F906004A1857 /* GAIDictionaryBuilder.h in Headers */,
				63E311971AD1F906004A1857 /* GAIEcommerceProduct.h in Headers */,
				63E3119D1AD1F906004A1857 /* GAITracker.h in Headers */,
				63E311961AD1F906004A1857 /* GAIEcommerceFields.h in Headers */,
				470C59A81A872CB600014E14 /* MMWormhole.h in Headers */,
			);
			runOnlyForDeploymentPostprocessing = 0;
		};
/* End PBXHeadersBuildPhase section */

/* Begin PBXNativeTarget section */
		470C59101A87284100014E14 /* TempoWatch */ = {
			isa = PBXNativeTarget;
			buildConfigurationList = 470C59331A87284100014E14 /* Build configuration list for PBXNativeTarget "TempoWatch" */;
			buildPhases = (
				74E654BBF210B7455F1E0A6B /* Check Pods Manifest.lock */,
				470C590D1A87284100014E14 /* Sources */,
				470C590E1A87284100014E14 /* Frameworks */,
				470C590F1A87284100014E14 /* Resources */,
				470C595F1A87291600014E14 /* Embed App Extensions */,
				470C59A41A872C9A00014E14 /* Embed Frameworks */,
				BE69DD331ED189CE78668299 /* Copy Pods Resources */,
			);
			buildRules = (
			);
			dependencies = (
				470C59A31A872C9A00014E14 /* PBXTargetDependency */,
				47344BB21A87404400A4C3FC /* PBXTargetDependency */,
			);
			name = TempoWatch;
			productName = TempoWatch;
			productReference = 470C59111A87284100014E14 /* TempoWatch.app */;
			productType = "com.apple.product-type.application";
		};
		470C59641A87293E00014E14 /* TempoSharedFramework */ = {
			isa = PBXNativeTarget;
			buildConfigurationList = 470C597E1A87293E00014E14 /* Build configuration list for PBXNativeTarget "TempoSharedFramework" */;
			buildPhases = (
				470C59601A87293E00014E14 /* Sources */,
				470C59611A87293E00014E14 /* Frameworks */,
				470C59621A87293E00014E14 /* Headers */,
				470C59631A87293E00014E14 /* Resources */,
			);
			buildRules = (
			);
			dependencies = (
			);
			name = TempoSharedFramework;
			productName = TempoSharedFramework;
			productReference = 470C59651A87293E00014E14 /* TempoSharedFramework.framework */;
			productType = "com.apple.product-type.framework";
		};
		47344B951A87404400A4C3FC /* TempoWatch WatchKit Extension */ = {
			isa = PBXNativeTarget;
			buildConfigurationList = 47344BB71A87404400A4C3FC /* Build configuration list for PBXNativeTarget "TempoWatch WatchKit Extension" */;
			buildPhases = (
				47344B921A87404400A4C3FC /* Sources */,
				47344B931A87404400A4C3FC /* Frameworks */,
				47344B941A87404400A4C3FC /* Resources */,
			);
			buildRules = (
			);
			dependencies = (
				47344BA81A87404400A4C3FC /* PBXTargetDependency */,
			);
			name = "TempoWatch WatchKit Extension";
			productName = "TempoWatch WatchKit Extension";
			productReference = 47344B961A87404400A4C3FC /* TempoWatch WatchKit Extension.appex */;
			productType = "com.apple.product-type.watchkit-extension";
		};
		47344BA41A87404400A4C3FC /* TempoWatch WatchKit App */ = {
			isa = PBXNativeTarget;
			buildConfigurationList = 47344BB41A87404400A4C3FC /* Build configuration list for PBXNativeTarget "TempoWatch WatchKit App" */;
			buildPhases = (
				47344BA31A87404400A4C3FC /* Resources */,
			);
			buildRules = (
			);
			dependencies = (
			);
			name = "TempoWatch WatchKit App";
			productName = "TempoWatch WatchKit App";
			productReference = 47344BA51A87404400A4C3FC /* TempoWatch WatchKit App.app */;
			productType = "com.apple.product-type.application.watchapp";
		};
		47344BEB1A87456100A4C3FC /* TempoWatch7.0 */ = {
			isa = PBXNativeTarget;
			buildConfigurationList = 47344C0B1A87456100A4C3FC /* Build configuration list for PBXNativeTarget "TempoWatch7.0" */;
			buildPhases = (
				1393F660F189807851BD2EAA /* Check Pods Manifest.lock */,
				47344BF01A87456100A4C3FC /* Sources */,
				47344BFC1A87456100A4C3FC /* Frameworks */,
				47344BFE1A87456100A4C3FC /* Resources */,
				47344C071A87456100A4C3FC /* Embed App Extensions */,
				47344C091A87456100A4C3FC /* Embed Frameworks */,
				193BB59E8588CB2634040476 /* Copy Pods Resources */,
			);
			buildRules = (
			);
			dependencies = (
				47344BEC1A87456100A4C3FC /* PBXTargetDependency */,
				47344BEE1A87456100A4C3FC /* PBXTargetDependency */,
			);
			name = TempoWatch7.0;
			productName = TempoWatch;
			productReference = 47344C0E1A87456100A4C3FC /* TempoWatch.app */;
			productType = "com.apple.product-type.application";
		};
/* End PBXNativeTarget section */

/* Begin PBXProject section */
		470C59091A87284100014E14 /* Project object */ = {
			isa = PBXProject;
			attributes = {
				LastUpgradeCheck = 0630;
				ORGANIZATIONNAME = GetGainz;
				TargetAttributes = {
					470C59101A87284100014E14 = {
						CreatedOnToolsVersion = 6.2;
						DevelopmentTeam = 5DJNDYCH54;
						SystemCapabilities = {
							com.apple.ApplicationGroups.iOS = {
								enabled = 1;
							};
						};
					};
					470C59641A87293E00014E14 = {
						CreatedOnToolsVersion = 6.2;
					};
					47344B951A87404400A4C3FC = {
						CreatedOnToolsVersion = 6.2;
						DevelopmentTeam = 5DJNDYCH54;
						SystemCapabilities = {
							com.apple.ApplicationGroups.iOS = {
								enabled = 1;
							};
						};
					};
					47344BA41A87404400A4C3FC = {
						CreatedOnToolsVersion = 6.2;
						DevelopmentTeam = 5DJNDYCH54;
					};
					47344BEB1A87456100A4C3FC = {
						DevelopmentTeam = 5DJNDYCH54;
					};
				};
			};
			buildConfigurationList = 470C590C1A87284100014E14 /* Build configuration list for PBXProject "TempoWatch" */;
			compatibilityVersion = "Xcode 3.2";
			developmentRegion = English;
			hasScannedForEncodings = 0;
			knownRegions = (
				en,
				Base,
			);
			mainGroup = 470C59081A87284100014E14;
			productRefGroup = 470C59121A87284100014E14 /* Products */;
			projectDirPath = "";
			projectRoot = "";
			targets = (
				470C59101A87284100014E14 /* TempoWatch */,
				470C59641A87293E00014E14 /* TempoSharedFramework */,
				47344B951A87404400A4C3FC /* TempoWatch WatchKit Extension */,
				47344BA41A87404400A4C3FC /* TempoWatch WatchKit App */,
				47344BEB1A87456100A4C3FC /* TempoWatch7.0 */,
			);
		};
/* End PBXProject section */

/* Begin PBXResourcesBuildPhase section */
		470C590F1A87284100014E14 /* Resources */ = {
			isa = PBXResourcesBuildPhase;
			buildActionMask = 2147483647;
			files = (
				470C59951A872B1300014E14 /* Montserrat-Bold.ttf in Resources */,
				448730121ACD9BF700E91750 /* short.wav in Resources */,
				470C591F1A87284100014E14 /* Main.storyboard in Resources */,
				448730101ACD9BF700E91750 /* long.wav in Resources */,
				472E59961AAD2C7A00E09EC8 /* pause.png in Resources */,
				472E59941AAD2C7A00E09EC8 /* play.png in Resources */,
				470C59241A87284100014E14 /* LaunchScreen.xib in Resources */,
				470C59961A872B1300014E14 /* Montserrat-Regular.ttf in Resources */,
				470C59B81A8733BC00014E14 /* menu-icon.png in Resources */,
				470C59211A87284100014E14 /* Images.xcassets in Resources */,
				470C59B51A8730B700014E14 /* Default-568h@2x.png in Resources */,
				470C59BC1A87370F00014E14 /* xbtn.png in Resources */,
			);
			runOnlyForDeploymentPostprocessing = 0;
		};
		470C59631A87293E00014E14 /* Resources */ = {
			isa = PBXResourcesBuildPhase;
			buildActionMask = 2147483647;
			files = (
			);
			runOnlyForDeploymentPostprocessing = 0;
		};
		47344B941A87404400A4C3FC /* Resources */ = {
			isa = PBXResourcesBuildPhase;
			buildActionMask = 2147483647;
			files = (
				47344BA61A87404400A4C3FC /* TempoWatch WatchKit App.app in Resources */,
				47344BA21A87404400A4C3FC /* Images.xcassets in Resources */,
			);
			runOnlyForDeploymentPostprocessing = 0;
		};
		47344BA31A87404400A4C3FC /* Resources */ = {
			isa = PBXResourcesBuildPhase;
			buildActionMask = 2147483647;
			files = (
				47344BAE1A87404400A4C3FC /* Interface.storyboard in Resources */,
				47344BB01A87404400A4C3FC /* Images.xcassets in Resources */,
			);
			runOnlyForDeploymentPostprocessing = 0;
		};
		47344BFE1A87456100A4C3FC /* Resources */ = {
			isa = PBXResourcesBuildPhase;
			buildActionMask = 2147483647;
			files = (
				448730111ACD9BF700E91750 /* long.wav in Resources */,
				47344C121A87491400A4C3FC /* Main.storyboard in Resources */,
				448730131ACD9BF700E91750 /* short.wav in Resources */,
				472E59951AAD2C7A00E09EC8 /* play.png in Resources */,
				47344C101A87490900A4C3FC /* Montserrat-Bold.ttf in Resources */,
				47344C111A87490900A4C3FC /* Montserrat-Regular.ttf in Resources */,
				47344C031A87456100A4C3FC /* menu-icon.png in Resources */,
				472E59971AAD2C7A00E09EC8 /* pause.png in Resources */,
				47344C041A87456100A4C3FC /* Images.xcassets in Resources */,
				47344C051A87456100A4C3FC /* Default-568h@2x.png in Resources */,
				47344C061A87456100A4C3FC /* xbtn.png in Resources */,
			);
			runOnlyForDeploymentPostprocessing = 0;
		};
/* End PBXResourcesBuildPhase section */

/* Begin PBXShellScriptBuildPhase section */
		1393F660F189807851BD2EAA /* Check Pods Manifest.lock */ = {
			isa = PBXShellScriptBuildPhase;
			buildActionMask = 2147483647;
			files = (
			);
			inputPaths = (
			);
			name = "Check Pods Manifest.lock";
			outputPaths = (
			);
			runOnlyForDeploymentPostprocessing = 0;
			shellPath = /bin/sh;
			shellScript = "diff \"${PODS_ROOT}/../Podfile.lock\" \"${PODS_ROOT}/Manifest.lock\" > /dev/null\nif [[ $? != 0 ]] ; then\n    cat << EOM\nerror: The sandbox is not in sync with the Podfile.lock. Run 'pod install' or update your CocoaPods installation.\nEOM\n    exit 1\nfi\n";
			showEnvVarsInLog = 0;
		};
		193BB59E8588CB2634040476 /* Copy Pods Resources */ = {
			isa = PBXShellScriptBuildPhase;
			buildActionMask = 2147483647;
			files = (
			);
			inputPaths = (
			);
			name = "Copy Pods Resources";
			outputPaths = (
			);
			runOnlyForDeploymentPostprocessing = 0;
			shellPath = /bin/sh;
			shellScript = "\"${SRCROOT}/Pods/Target Support Files/Pods-TempoWatch7.0/Pods-TempoWatch7.0-resources.sh\"\n";
			showEnvVarsInLog = 0;
		};
		74E654BBF210B7455F1E0A6B /* Check Pods Manifest.lock */ = {
			isa = PBXShellScriptBuildPhase;
			buildActionMask = 2147483647;
			files = (
			);
			inputPaths = (
			);
			name = "Check Pods Manifest.lock";
			outputPaths = (
			);
			runOnlyForDeploymentPostprocessing = 0;
			shellPath = /bin/sh;
			shellScript = "diff \"${PODS_ROOT}/../Podfile.lock\" \"${PODS_ROOT}/Manifest.lock\" > /dev/null\nif [[ $? != 0 ]] ; then\n    cat << EOM\nerror: The sandbox is not in sync with the Podfile.lock. Run 'pod install' or update your CocoaPods installation.\nEOM\n    exit 1\nfi\n";
			showEnvVarsInLog = 0;
		};
		BE69DD331ED189CE78668299 /* Copy Pods Resources */ = {
			isa = PBXShellScriptBuildPhase;
			buildActionMask = 2147483647;
			files = (
			);
			inputPaths = (
			);
			name = "Copy Pods Resources";
			outputPaths = (
			);
			runOnlyForDeploymentPostprocessing = 0;
			shellPath = /bin/sh;
			shellScript = "\"${SRCROOT}/Pods/Target Support Files/Pods-TempoWatch/Pods-TempoWatch-resources.sh\"\n";
			showEnvVarsInLog = 0;
		};
/* End PBXShellScriptBuildPhase section */

/* Begin PBXSourcesBuildPhase section */
		470C590D1A87284100014E14 /* Sources */ = {
			isa = PBXSourcesBuildPhase;
			buildActionMask = 2147483647;
			files = (
				470C59B21A87302F00014E14 /* BWCircularSlider.swift in Sources */,
				470C599A1A872B1300014E14 /* UIColor+Tempo.swift in Sources */,
				470C59911A872B1300014E14 /* ContainerView.swift in Sources */,
				470C59171A87284100014E14 /* AppDelegate.swift in Sources */,
				470C59B31A87302F00014E14 /* BWCircularSliderView.swift in Sources */,
				470C59921A872B1300014E14 /* HomeView.swift in Sources */,
				470C591A1A87284100014E14 /* TempoWatch.xcdatamodeld in Sources */,
				63C10A711AAAADBA00AE4902 /* PausedController.swift in Sources */,
				470C59991A872B1300014E14 /* SettingsView.swift in Sources */,
				470C599B1A872B1300014E14 /* WorkView.swift in Sources */,
				63030C4F1ACF57B20053D47E /* iWatchMsgController.swift in Sources */,
				470C59931A872B1300014E14 /* HomeViewController.swift in Sources */,
				63030C4D1ACF577A0053D47E /* TimerModel.swift in Sources */,
				470C59981A872B1300014E14 /* RestView.swift in Sources */,
				63E311AD1AD1FE94004A1857 /* GoogleAnalytics.swift in Sources */,
				63030C511ACF57ED0053D47E /* MMWormhole.m in Sources */,
				63030C4C1ACF56DE0053D47E /* RunningController.swift in Sources */,
			);
			runOnlyForDeploymentPostprocessing = 0;
		};
		470C59601A87293E00014E14 /* Sources */ = {
			isa = PBXSourcesBuildPhase;
			buildActionMask = 2147483647;
			files = (
				470C59AF1A872F0100014E14 /* TimerModel.swift in Sources */,
				470C59A91A872CB600014E14 /* MMWormhole.m in Sources */,
				470C59AC1A872D5200014E14 /* iWatchMsgController.swift in Sources */,
				63030C4B1ACF56DD0053D47E /* RunningController.swift in Sources */,
				63030C4A1ACF56DA0053D47E /* PausedController.swift in Sources */,
			);
			runOnlyForDeploymentPostprocessing = 0;
		};
		47344B921A87404400A4C3FC /* Sources */ = {
			isa = PBXSourcesBuildPhase;
			buildActionMask = 2147483647;
			files = (
				47344B9E1A87404400A4C3FC /* NotificationController.swift in Sources */,
				47344B9C1A87404400A4C3FC /* InterfaceController.swift in Sources */,
				47344BA01A87404400A4C3FC /* GlanceController.swift in Sources */,
				63030C4E1ACF577B0053D47E /* TimerModel.swift in Sources */,
				47344BBD1A8741C000A4C3FC /* RunningController.swift in Sources */,
				47344BBC1A8741C000A4C3FC /* PausedController.swift in Sources */,
				63030C521ACF57ED0053D47E /* MMWormhole.m in Sources */,
				63030C501ACF57B20053D47E /* iWatchMsgController.swift in Sources */,
			);
			runOnlyForDeploymentPostprocessing = 0;
		};
		47344BF01A87456100A4C3FC /* Sources */ = {
			isa = PBXSourcesBuildPhase;
			buildActionMask = 2147483647;
			files = (
				47344BF11A87456100A4C3FC /* BWCircularSlider.swift in Sources */,
				47344BF21A87456100A4C3FC /* UIColor+Tempo.swift in Sources */,
				47344BF31A87456100A4C3FC /* ContainerView.swift in Sources */,
				47344BF41A87456100A4C3FC /* AppDelegate.swift in Sources */,
				47344BF51A87456100A4C3FC /* BWCircularSliderView.swift in Sources */,
				63E311AE1AD1FE96004A1857 /* GoogleAnalytics.swift in Sources */,
				47344BF61A87456100A4C3FC /* HomeView.swift in Sources */,
				47344BF71A87456100A4C3FC /* TempoWatch.xcdatamodeld in Sources */,
				47344BF81A87456100A4C3FC /* SettingsView.swift in Sources */,
				47344BF91A87456100A4C3FC /* WorkView.swift in Sources */,
				47344BFA1A87456100A4C3FC /* HomeViewController.swift in Sources */,
				47344BFB1A87456100A4C3FC /* RestView.swift in Sources */,
			);
			runOnlyForDeploymentPostprocessing = 0;
		};
/* End PBXSourcesBuildPhase section */

/* Begin PBXTargetDependency section */
		470C59A31A872C9A00014E14 /* PBXTargetDependency */ = {
			isa = PBXTargetDependency;
			target = 470C59641A87293E00014E14 /* TempoSharedFramework */;
			targetProxy = 470C59A21A872C9A00014E14 /* PBXContainerItemProxy */;
		};
		47344BA81A87404400A4C3FC /* PBXTargetDependency */ = {
			isa = PBXTargetDependency;
			target = 47344BA41A87404400A4C3FC /* TempoWatch WatchKit App */;
			targetProxy = 47344BA71A87404400A4C3FC /* PBXContainerItemProxy */;
		};
		47344BB21A87404400A4C3FC /* PBXTargetDependency */ = {
			isa = PBXTargetDependency;
			target = 47344B951A87404400A4C3FC /* TempoWatch WatchKit Extension */;
			targetProxy = 47344BB11A87404400A4C3FC /* PBXContainerItemProxy */;
		};
		47344BEC1A87456100A4C3FC /* PBXTargetDependency */ = {
			isa = PBXTargetDependency;
			target = 470C59641A87293E00014E14 /* TempoSharedFramework */;
			targetProxy = 47344BED1A87456100A4C3FC /* PBXContainerItemProxy */;
		};
		47344BEE1A87456100A4C3FC /* PBXTargetDependency */ = {
			isa = PBXTargetDependency;
			target = 47344B951A87404400A4C3FC /* TempoWatch WatchKit Extension */;
			targetProxy = 47344BEF1A87456100A4C3FC /* PBXContainerItemProxy */;
		};
/* End PBXTargetDependency section */

/* Begin PBXVariantGroup section */
		470C591D1A87284100014E14 /* Main.storyboard */ = {
			isa = PBXVariantGroup;
			children = (
				470C591E1A87284100014E14 /* Base */,
			);
			name = Main.storyboard;
			sourceTree = "<group>";
		};
		470C59221A87284100014E14 /* LaunchScreen.xib */ = {
			isa = PBXVariantGroup;
			children = (
				470C59231A87284100014E14 /* Base */,
			);
			name = LaunchScreen.xib;
			sourceTree = "<group>";
		};
		47344BAC1A87404400A4C3FC /* Interface.storyboard */ = {
			isa = PBXVariantGroup;
			children = (
				47344BAD1A87404400A4C3FC /* Base */,
			);
			name = Interface.storyboard;
			sourceTree = "<group>";
		};
		47344BD11A87451800A4C3FC /* Main.storyboard */ = {
			isa = PBXVariantGroup;
			children = (
				47344BD21A87451800A4C3FC /* Base */,
			);
			name = Main.storyboard;
			sourceTree = "<group>";
		};
		47344BD61A87451800A4C3FC /* LaunchScreen.xib */ = {
			isa = PBXVariantGroup;
			children = (
				47344BD71A87451800A4C3FC /* Base */,
			);
			name = LaunchScreen.xib;
			sourceTree = "<group>";
		};
/* End PBXVariantGroup section */

/* Begin XCBuildConfiguration section */
		470C59311A87284100014E14 /* Debug */ = {
			isa = XCBuildConfiguration;
			buildSettings = {
				ALWAYS_SEARCH_USER_PATHS = NO;
				CLANG_CXX_LANGUAGE_STANDARD = "gnu++0x";
				CLANG_CXX_LIBRARY = "libc++";
				CLANG_ENABLE_MODULES = YES;
				CLANG_ENABLE_OBJC_ARC = YES;
				CLANG_WARN_BOOL_CONVERSION = YES;
				CLANG_WARN_CONSTANT_CONVERSION = YES;
				CLANG_WARN_DIRECT_OBJC_ISA_USAGE = YES_ERROR;
				CLANG_WARN_EMPTY_BODY = YES;
				CLANG_WARN_ENUM_CONVERSION = YES;
				CLANG_WARN_INT_CONVERSION = YES;
				CLANG_WARN_OBJC_ROOT_CLASS = YES_ERROR;
				CLANG_WARN_UNREACHABLE_CODE = YES;
				CLANG_WARN__DUPLICATE_METHOD_MATCH = YES;
				"CODE_SIGN_IDENTITY[sdk=iphoneos*]" = "iPhone Distribution: Sean Dunford (5DJNDYCH54)";
				COPY_PHASE_STRIP = NO;
				ENABLE_STRICT_OBJC_MSGSEND = YES;
				GCC_C_LANGUAGE_STANDARD = gnu99;
				GCC_DYNAMIC_NO_PIC = NO;
				GCC_OPTIMIZATION_LEVEL = 0;
				GCC_PREPROCESSOR_DEFINITIONS = (
					"DEBUG=1",
					"$(inherited)",
				);
				GCC_SYMBOLS_PRIVATE_EXTERN = NO;
				GCC_WARN_64_TO_32_BIT_CONVERSION = YES;
				GCC_WARN_ABOUT_RETURN_TYPE = YES_ERROR;
				GCC_WARN_UNDECLARED_SELECTOR = YES;
				GCC_WARN_UNINITIALIZED_AUTOS = YES_AGGRESSIVE;
				GCC_WARN_UNUSED_FUNCTION = YES;
				GCC_WARN_UNUSED_VARIABLE = YES;
				IPHONEOS_DEPLOYMENT_TARGET = 8.2;
				MTL_ENABLE_DEBUG_INFO = YES;
				ONLY_ACTIVE_ARCH = YES;
				OTHER_LDFLAGS = "$(inherited)";
				PROVISIONING_PROFILE = "276ced37-479f-44e0-ae2e-de198ab12db4";
				SDKROOT = iphoneos;
				SWIFT_OBJC_BRIDGING_HEADER = "TempoWatch/TempoWatch-Bridging-Header.h";
				SWIFT_OPTIMIZATION_LEVEL = "-Onone";
				USER_HEADER_SEARCH_PATHS = "Pods/**";
			};
			name = Debug;
		};
		470C59321A87284100014E14 /* Release */ = {
			isa = XCBuildConfiguration;
			buildSettings = {
				ALWAYS_SEARCH_USER_PATHS = NO;
				CLANG_CXX_LANGUAGE_STANDARD = "gnu++0x";
				CLANG_CXX_LIBRARY = "libc++";
				CLANG_ENABLE_MODULES = YES;
				CLANG_ENABLE_OBJC_ARC = YES;
				CLANG_WARN_BOOL_CONVERSION = YES;
				CLANG_WARN_CONSTANT_CONVERSION = YES;
				CLANG_WARN_DIRECT_OBJC_ISA_USAGE = YES_ERROR;
				CLANG_WARN_EMPTY_BODY = YES;
				CLANG_WARN_ENUM_CONVERSION = YES;
				CLANG_WARN_INT_CONVERSION = YES;
				CLANG_WARN_OBJC_ROOT_CLASS = YES_ERROR;
				CLANG_WARN_UNREACHABLE_CODE = YES;
				CLANG_WARN__DUPLICATE_METHOD_MATCH = YES;
				"CODE_SIGN_IDENTITY[sdk=iphoneos*]" = "iPhone Distribution: Sean Dunford (5DJNDYCH54)";
				COPY_PHASE_STRIP = NO;
				ENABLE_NS_ASSERTIONS = NO;
				ENABLE_STRICT_OBJC_MSGSEND = YES;
				GCC_C_LANGUAGE_STANDARD = gnu99;
				GCC_WARN_64_TO_32_BIT_CONVERSION = YES;
				GCC_WARN_ABOUT_RETURN_TYPE = YES_ERROR;
				GCC_WARN_UNDECLARED_SELECTOR = YES;
				GCC_WARN_UNINITIALIZED_AUTOS = YES_AGGRESSIVE;
				GCC_WARN_UNUSED_FUNCTION = YES;
				GCC_WARN_UNUSED_VARIABLE = YES;
				IPHONEOS_DEPLOYMENT_TARGET = 8.2;
				MTL_ENABLE_DEBUG_INFO = NO;
				OTHER_LDFLAGS = "$(inherited)";
				PROVISIONING_PROFILE = "276ced37-479f-44e0-ae2e-de198ab12db4";
				SDKROOT = iphoneos;
				SWIFT_OBJC_BRIDGING_HEADER = "TempoWatch/TempoWatch-Bridging-Header.h";
				USER_HEADER_SEARCH_PATHS = "Pods/**";
				VALIDATE_PRODUCT = YES;
			};
			name = Release;
		};
		470C59341A87284100014E14 /* Debug */ = {
			isa = XCBuildConfiguration;
			baseConfigurationReference = 3A41B57CE8324A5DF9F6050B /* Pods-TempoWatch.debug.xcconfig */;
			buildSettings = {
				ASSETCATALOG_COMPILER_APPICON_NAME = AppIcon;
				ASSETCATALOG_COMPILER_LAUNCHIMAGE_NAME = LaunchImage;
				CODE_SIGN_ENTITLEMENTS = TempoWatch/TempoWatch.entitlements;
				CODE_SIGN_IDENTITY = "iPhone Developer";
				"CODE_SIGN_IDENTITY[sdk=iphoneos*]" = "iPhone Distribution: Sean Dunford (5DJNDYCH54)";
				EMBEDDED_CONTENT_CONTAINS_SWIFT = YES;
				FRAMEWORK_SEARCH_PATHS = (
					"$(inherited)",
					"$(PROJECT_DIR)/TempoWatch",
				);
				INFOPLIST_FILE = TempoWatch/Info.plist;
				IPHONEOS_DEPLOYMENT_TARGET = 8.0;
				LD_RUNPATH_SEARCH_PATHS = "$(inherited) @executable_path/Frameworks";
				LIBRARY_SEARCH_PATHS = (
					"$(inherited)",
					"$(PROJECT_DIR)",
				);
				OTHER_LDFLAGS = "$(inherited)";
				PRODUCT_NAME = "$(TARGET_NAME)";
				PROVISIONING_PROFILE = "c1c23a9f-5c30-4daa-9d5e-6a31f04dabe8";
				USER_HEADER_SEARCH_PATHS = "Pods/**";
			};
			name = Debug;
		};
		470C59351A87284100014E14 /* Release */ = {
			isa = XCBuildConfiguration;
			baseConfigurationReference = 0C03E8392F355399D3789746 /* Pods-TempoWatch.release.xcconfig */;
			buildSettings = {
				ASSETCATALOG_COMPILER_APPICON_NAME = AppIcon;
				ASSETCATALOG_COMPILER_LAUNCHIMAGE_NAME = LaunchImage;
				CODE_SIGN_ENTITLEMENTS = TempoWatch/TempoWatch.entitlements;
				CODE_SIGN_IDENTITY = "iPhone Developer";
				"CODE_SIGN_IDENTITY[sdk=iphoneos*]" = "iPhone Distribution: Sean Dunford (5DJNDYCH54)";
				EMBEDDED_CONTENT_CONTAINS_SWIFT = YES;
				FRAMEWORK_SEARCH_PATHS = (
					"$(inherited)",
					"$(PROJECT_DIR)/TempoWatch",
				);
				INFOPLIST_FILE = TempoWatch/Info.plist;
				IPHONEOS_DEPLOYMENT_TARGET = 8.0;
				LD_RUNPATH_SEARCH_PATHS = "$(inherited) @executable_path/Frameworks";
				LIBRARY_SEARCH_PATHS = (
					"$(inherited)",
					"$(PROJECT_DIR)",
				);
				OTHER_LDFLAGS = "$(inherited)";
				PRODUCT_NAME = "$(TARGET_NAME)";
				PROVISIONING_PROFILE = "c1c23a9f-5c30-4daa-9d5e-6a31f04dabe8";
				USER_HEADER_SEARCH_PATHS = "Pods/**";
			};
			name = Release;
		};
		470C597F1A87293E00014E14 /* Debug */ = {
			isa = XCBuildConfiguration;
			buildSettings = {
				CURRENT_PROJECT_VERSION = 1;
				DEFINES_MODULE = YES;
				DYLIB_COMPATIBILITY_VERSION = 1;
				DYLIB_CURRENT_VERSION = 1;
				DYLIB_INSTALL_NAME_BASE = "@rpath";
				GCC_PREPROCESSOR_DEFINITIONS = (
					"DEBUG=1",
					"$(inherited)",
				);
				INFOPLIST_FILE = TempoSharedFramework/Info.plist;
				INSTALL_PATH = "$(LOCAL_LIBRARY_DIR)/Frameworks";
				IPHONEOS_DEPLOYMENT_TARGET = 8.0;
				LD_RUNPATH_SEARCH_PATHS = "$(inherited) @executable_path/Frameworks @loader_path/Frameworks";
				PRODUCT_NAME = "$(TARGET_NAME)";
				PROVISIONING_PROFILE = "33be286a-15e3-4d8b-ba84-3d7cb4b96f96";
				SKIP_INSTALL = YES;
				SWIFT_OBJC_BRIDGING_HEADER = "";
				TARGETED_DEVICE_FAMILY = "1,2";
				VERSIONING_SYSTEM = "apple-generic";
				VERSION_INFO_PREFIX = "";
			};
			name = Debug;
		};
		470C59801A87293E00014E14 /* Release */ = {
			isa = XCBuildConfiguration;
			buildSettings = {
				CURRENT_PROJECT_VERSION = 1;
				DEFINES_MODULE = YES;
				DYLIB_COMPATIBILITY_VERSION = 1;
				DYLIB_CURRENT_VERSION = 1;
				DYLIB_INSTALL_NAME_BASE = "@rpath";
				INFOPLIST_FILE = TempoSharedFramework/Info.plist;
				INSTALL_PATH = "$(LOCAL_LIBRARY_DIR)/Frameworks";
				IPHONEOS_DEPLOYMENT_TARGET = 8.0;
				LD_RUNPATH_SEARCH_PATHS = "$(inherited) @executable_path/Frameworks @loader_path/Frameworks";
				PRODUCT_NAME = "$(TARGET_NAME)";
				PROVISIONING_PROFILE = "33be286a-15e3-4d8b-ba84-3d7cb4b96f96";
				SKIP_INSTALL = YES;
				SWIFT_OBJC_BRIDGING_HEADER = "";
				TARGETED_DEVICE_FAMILY = "1,2";
				VERSIONING_SYSTEM = "apple-generic";
				VERSION_INFO_PREFIX = "";
			};
			name = Release;
		};
		47344BB51A87404400A4C3FC /* Debug */ = {
			isa = XCBuildConfiguration;
			buildSettings = {
				ASSETCATALOG_COMPILER_APPICON_NAME = "WatchKit AppIcons";
				ASSETCATALOG_COMPILER_LAUNCHIMAGE_NAME = LaunchImage;
				CODE_SIGN_IDENTITY = "iPhone Distribution: Sean Dunford (5DJNDYCH54)";
				"CODE_SIGN_IDENTITY[sdk=iphoneos*]" = "iPhone Distribution: Sean Dunford (5DJNDYCH54)";
				GCC_PREPROCESSOR_DEFINITIONS = (
					"DEBUG=1",
					"$(inherited)",
				);
				IBSC_MODULE = TempoWatch_WatchKit_Extension;
				INFOPLIST_FILE = "TempoWatch WatchKit App/Info.plist";
				PRODUCT_NAME = "$(TARGET_NAME)";
				PROVISIONING_PROFILE = "b573f374-e47e-46a7-afec-dc7a41217966";
				SKIP_INSTALL = YES;
				TARGETED_DEVICE_FAMILY = 4;
				"TARGETED_DEVICE_FAMILY[sdk=iphonesimulator*]" = "1,4";
			};
			name = Debug;
		};
		47344BB61A87404400A4C3FC /* Release */ = {
			isa = XCBuildConfiguration;
			buildSettings = {
				ASSETCATALOG_COMPILER_APPICON_NAME = "WatchKit AppIcons";
				ASSETCATALOG_COMPILER_LAUNCHIMAGE_NAME = LaunchImage;
				CODE_SIGN_IDENTITY = "iPhone Distribution: Sean Dunford (5DJNDYCH54)";
				"CODE_SIGN_IDENTITY[sdk=iphoneos*]" = "iPhone Distribution: Sean Dunford (5DJNDYCH54)";
				IBSC_MODULE = TempoWatch_WatchKit_Extension;
				INFOPLIST_FILE = "TempoWatch WatchKit App/Info.plist";
				PRODUCT_NAME = "$(TARGET_NAME)";
				PROVISIONING_PROFILE = "b573f374-e47e-46a7-afec-dc7a41217966";
				SKIP_INSTALL = YES;
				TARGETED_DEVICE_FAMILY = 4;
				"TARGETED_DEVICE_FAMILY[sdk=iphonesimulator*]" = "1,4";
			};
			name = Release;
		};
		47344BB81A87404400A4C3FC /* Debug */ = {
			isa = XCBuildConfiguration;
			buildSettings = {
				CODE_SIGN_ENTITLEMENTS = "TempoWatch WatchKit Extension/TempoWatch WatchKit Extension.entitlements";
				CODE_SIGN_IDENTITY = "iPhone Distribution: Sean Dunford (5DJNDYCH54)";
				"CODE_SIGN_IDENTITY[sdk=iphoneos*]" = "iPhone Distribution: Sean Dunford (5DJNDYCH54)";
				GCC_PREPROCESSOR_DEFINITIONS = (
					"DEBUG=1",
					"$(inherited)",
				);
				INFOPLIST_FILE = "TempoWatch WatchKit Extension/Info.plist";
				LD_RUNPATH_SEARCH_PATHS = "$(inherited) @executable_path/Frameworks @executable_path/../../Frameworks";
				PRODUCT_NAME = "${TARGET_NAME}";
				PROVISIONING_PROFILE = "276ced37-479f-44e0-ae2e-de198ab12db4";
				SKIP_INSTALL = YES;
			};
			name = Debug;
		};
		47344BB91A87404400A4C3FC /* Release */ = {
			isa = XCBuildConfiguration;
			buildSettings = {
				CODE_SIGN_ENTITLEMENTS = "TempoWatch WatchKit Extension/TempoWatch WatchKit Extension.entitlements";
				CODE_SIGN_IDENTITY = "iPhone Distribution: Sean Dunford (5DJNDYCH54)";
				"CODE_SIGN_IDENTITY[sdk=iphoneos*]" = "iPhone Distribution: Sean Dunford (5DJNDYCH54)";
				INFOPLIST_FILE = "TempoWatch WatchKit Extension/Info.plist";
				LD_RUNPATH_SEARCH_PATHS = "$(inherited) @executable_path/Frameworks @executable_path/../../Frameworks";
				PRODUCT_NAME = "${TARGET_NAME}";
				PROVISIONING_PROFILE = "276ced37-479f-44e0-ae2e-de198ab12db4";
				SKIP_INSTALL = YES;
			};
			name = Release;
		};
		47344C0C1A87456100A4C3FC /* Debug */ = {
			isa = XCBuildConfiguration;
			baseConfigurationReference = B064E802812EA47B57B54A40 /* Pods-TempoWatch7.0.debug.xcconfig */;
			buildSettings = {
				ASSETCATALOG_COMPILER_APPICON_NAME = AppIcon;
				ASSETCATALOG_COMPILER_LAUNCHIMAGE_NAME = LaunchImage;
				CODE_SIGN_ENTITLEMENTS = TempoWatch/TempoWatch.entitlements;
				CODE_SIGN_IDENTITY = "iPhone Developer";
				"CODE_SIGN_IDENTITY[sdk=iphoneos*]" = "iPhone Developer: Sean Dunford (Y27QAELFK5)";
				EMBEDDED_CONTENT_CONTAINS_SWIFT = YES;
				FRAMEWORK_SEARCH_PATHS = (
					"$(inherited)",
					"$(PROJECT_DIR)/TempoWatch",
				);
				INFOPLIST_FILE = "$(SRCROOT)/TempoWatch7.0/Info.plist";
				LD_RUNPATH_SEARCH_PATHS = "$(inherited) @executable_path/Frameworks";
				OTHER_LDFLAGS = (
					"-ObjC",
					"-lz",
					"-framework",
					Reveal,
					"$(inherited)",
				);
				PRODUCT_NAME = TempoWatch;
				PROVISIONING_PROFILE = "ef4a3747-215a-4eaa-aea1-1b168bda2b5f";
			};
			name = Debug;
		};
		47344C0D1A87456100A4C3FC /* Release */ = {
			isa = XCBuildConfiguration;
			baseConfigurationReference = 09170D669BB39E07175A3E6E /* Pods-TempoWatch7.0.release.xcconfig */;
			buildSettings = {
				ASSETCATALOG_COMPILER_APPICON_NAME = AppIcon;
				ASSETCATALOG_COMPILER_LAUNCHIMAGE_NAME = LaunchImage;
				CODE_SIGN_ENTITLEMENTS = TempoWatch/TempoWatch.entitlements;
				CODE_SIGN_IDENTITY = "iPhone Developer";
				"CODE_SIGN_IDENTITY[sdk=iphoneos*]" = "iPhone Developer: Sean Dunford (Y27QAELFK5)";
				EMBEDDED_CONTENT_CONTAINS_SWIFT = YES;
				FRAMEWORK_SEARCH_PATHS = (
					"$(inherited)",
					"$(PROJECT_DIR)/TempoWatch",
				);
				INFOPLIST_FILE = "$(SRCROOT)/TempoWatch7.0/Info.plist";
				LD_RUNPATH_SEARCH_PATHS = "$(inherited) @executable_path/Frameworks";
				PRODUCT_NAME = TempoWatch;
				PROVISIONING_PROFILE = "ef4a3747-215a-4eaa-aea1-1b168bda2b5f";
			};
			name = Release;
		};
/* End XCBuildConfiguration section */

/* Begin XCConfigurationList section */
		470C590C1A87284100014E14 /* Build configuration list for PBXProject "TempoWatch" */ = {
			isa = XCConfigurationList;
			buildConfigurations = (
				470C59311A87284100014E14 /* Debug */,
				470C59321A87284100014E14 /* Release */,
			);
			defaultConfigurationIsVisible = 0;
			defaultConfigurationName = Release;
		};
		470C59331A87284100014E14 /* Build configuration list for PBXNativeTarget "TempoWatch" */ = {
			isa = XCConfigurationList;
			buildConfigurations = (
				470C59341A87284100014E14 /* Debug */,
				470C59351A87284100014E14 /* Release */,
			);
			defaultConfigurationIsVisible = 0;
			defaultConfigurationName = Release;
		};
		470C597E1A87293E00014E14 /* Build configuration list for PBXNativeTarget "TempoSharedFramework" */ = {
			isa = XCConfigurationList;
			buildConfigurations = (
				470C597F1A87293E00014E14 /* Debug */,
				470C59801A87293E00014E14 /* Release */,
			);
			defaultConfigurationIsVisible = 0;
			defaultConfigurationName = Release;
		};
		47344BB41A87404400A4C3FC /* Build configuration list for PBXNativeTarget "TempoWatch WatchKit App" */ = {
			isa = XCConfigurationList;
			buildConfigurations = (
				47344BB51A87404400A4C3FC /* Debug */,
				47344BB61A87404400A4C3FC /* Release */,
			);
			defaultConfigurationIsVisible = 0;
			defaultConfigurationName = Release;
		};
		47344BB71A87404400A4C3FC /* Build configuration list for PBXNativeTarget "TempoWatch WatchKit Extension" */ = {
			isa = XCConfigurationList;
			buildConfigurations = (
				47344BB81A87404400A4C3FC /* Debug */,
				47344BB91A87404400A4C3FC /* Release */,
			);
			defaultConfigurationIsVisible = 0;
			defaultConfigurationName = Release;
		};
		47344C0B1A87456100A4C3FC /* Build configuration list for PBXNativeTarget "TempoWatch7.0" */ = {
			isa = XCConfigurationList;
			buildConfigurations = (
				47344C0C1A87456100A4C3FC /* Debug */,
				47344C0D1A87456100A4C3FC /* Release */,
			);
			defaultConfigurationIsVisible = 0;
			defaultConfigurationName = Release;
		};
/* End XCConfigurationList section */

/* Begin XCVersionGroup section */
		470C59181A87284100014E14 /* TempoWatch.xcdatamodeld */ = {
			isa = XCVersionGroup;
			children = (
				470C59191A87284100014E14 /* TempoWatch.xcdatamodel */,
			);
			currentVersion = 470C59191A87284100014E14 /* TempoWatch.xcdatamodel */;
			path = TempoWatch.xcdatamodeld;
			sourceTree = "<group>";
			versionGroupType = wrapper.xcdatamodel;
		};
		47344BCC1A87451800A4C3FC /* TempoWatch7_0.xcdatamodeld */ = {
			isa = XCVersionGroup;
			children = (
				47344BCD1A87451800A4C3FC /* TempoWatch7_0.xcdatamodel */,
			);
			currentVersion = 47344BCD1A87451800A4C3FC /* TempoWatch7_0.xcdatamodel */;
			path = TempoWatch7_0.xcdatamodeld;
			sourceTree = "<group>";
			versionGroupType = wrapper.xcdatamodel;
		};
/* End XCVersionGroup section */
	};
	rootObject = 470C59091A87284100014E14 /* Project object */;
}
